
Microsoft Visual Studio Solution File, Format Version 12.00
# Visual Studio Version 16
VisualStudioVersion = 16.0.29519.87
MinimumVisualStudioVersion = 10.0.40219.1
Project("{FAE04EC0-301F-11D3-BF4B-00C04F79EFBC}") = "Курсова", "Курсова\Курсова.csproj", "{5B8F97E5-F3AA-450F-933C-7854F360E7A8}"
EndProject
Global
	GlobalSection(SolutionConfigurationPlatforms) = preSolution
		Debug|Any CPU = Debug|Any CPU
		Release|Any CPU = Release|Any CPU
	EndGlobalSection
	GlobalSection(ProjectConfigurationPlatforms) = postSolution
		{5B8F97E5-F3AA-450F-933C-7854F360E7A8}.Debug|Any CPU.ActiveCfg = Debug|Any CPU
		{5B8F97E5-F3AA-450F-933C-7854F360E7A8}.Debug|Any CPU.Build.0 = Debug|Any CPU
		{5B8F97E5-F3AA-450F-933C-7854F360E7A8}.Release|Any CPU.ActiveCfg = Release|Any CPU
		{5B8F97E5-F3AA-450F-933C-7854F360E7A8}.Release|Any CPU.Build.0 = Release|Any CPU
	EndGlobalSection
	GlobalSection(SolutionProperties) = preSolution
		HideSolutionNode = FALSE
	EndGlobalSection
	GlobalSection(ExtensibilityGlobals) = postSolution
		SolutionGuid = {581F6749-D348-4088-8588-8D29F71A86A8}
	EndGlobalSection
EndGlobal
